PATH
  remote: .
  specs:
    treasury (1.12.0)
      apress-sources (>= 0.3.0)
      callbacks_rb (>= 0.0.1)
      class_logger (>= 1.0.1)
      daemons (>= 1.1.9)
      oj (>= 2.9.9)
      pg (>= 0.16)
      pg_tools (>= 1.2.0)
      rails (>= 4.2.0, < 5)
      redis (>= 3.2.1)
      resque-integration (>= 1.9)
      string_tools (>= 0.6.1)

GEM
  remote: https://gems.railsc.ru/
  remote: https://rubygems.org/
  specs:
    actionmailer (4.2.11.3)
      actionpack (= 4.2.11.3)
      actionview (= 4.2.11.3)
      activejob (= 4.2.11.3)
      mail (~> 2.5, >= 2.5.4)
      rails-dom-testing (~> 1.0, >= 1.0.5)
    actionpack (4.2.11.3)
      actionview (= 4.2.11.3)
      activesupport (= 4.2.11.3)
      rack (~> 1.6)
      rack-test (~> 0.6.2)
      rails-dom-testing (~> 1.0, >= 1.0.5)
      rails-html-sanitizer (~> 1.0, >= 1.0.2)
    actionview (4.2.11.3)
      activesupport (= 4.2.11.3)
      builder (~> 3.1)
      erubis (~> 2.7.0)
      rails-dom-testing (~> 1.0, >= 1.0.5)
      rails-html-sanitizer (~> 1.0, >= 1.0.3)
    activejob (4.2.11.3)
      activesupport (= 4.2.11.3)
      globalid (>= 0.3.0)
    activemodel (4.2.11.3)
      activesupport (= 4.2.11.3)
      builder (~> 3.1)
    activerecord (4.2.11.3)
      activemodel (= 4.2.11.3)
      activesupport (= 4.2.11.3)
      arel (~> 6.0)
    activesupport (4.2.11.3)
      i18n (~> 0.7)
      minitest (~> 5.1)
      thread_safe (~> 0.3, >= 0.3.4)
      tzinfo (~> 1.1)
    addressable (2.8.7)
      public_suffix (>= 2.0.2, < 7.0)
    appraisal (2.5.0)
      bundler
      rake
      thor (>= 0.14.0)
    apress-rspec (1.0.0)
      database_cleaner (~> 1.3.0)
      mock_redis (>= 0.9.0)
      rspec (>= 2.14.1)
    apress-sources (0.4.1)
      rails (>= 4.0.13, < 5)
      rails-cache-tags
      string_tools (>= 0.9.0)
    arel (6.0.4)
    base64 (0.3.0)
    builder (3.3.0)
    byebug (11.1.3)
    callbacks_rb (0.0.1)
    class_logger (1.1)
    coderay (1.1.3)
    combustion (1.5.0)
      activesupport (>= 3.0.0)
      railties (>= 3.0.0)
      thor (>= 0.14.6)
    concurrent-ruby (1.3.5)
    crass (1.0.6)
    daemons (1.4.1)
    database_cleaner (1.3.0)
    diff-lcs (1.6.2)
    docile (1.3.5)
    erubis (2.7.0)
    et-orbi (1.4.0)
      tzinfo
    factory_girl (4.8.1)
      activesupport (>= 3.0.0)
    factory_girl_rails (4.8.0)
      factory_girl (~> 4.8.0)
      railties (>= 3.0.0)
    fugit (1.12.1)
      et-orbi (~> 1.4)
      raabro (~> 1.4)
    globalid (0.4.2)
      activesupport (>= 4.2.0)
    god (0.13.7)
    i18n (0.9.5)
      concurrent-ruby (~> 1.0)
    json (1.8.6)
    loofah (2.19.1)
      crass (~> 1.0.2)
      nokogiri (>= 1.5.9)
    mail (2.7.1)
      mini_mime (>= 0.1.1)
    method_source (0.9.2)
    mini_mime (1.1.2)
    mini_portile2 (2.4.0)
    minitest (5.15.0)
    mock_redis (0.36.0)
      ruby2_keywords
    mono_logger (1.1.2)
    multi_json (1.15.0)
    nokogiri (1.10.10)
      mini_portile2 (~> 2.4.0)
    nokogumbo (2.0.5)
      nokogiri (~> 1.8, >= 1.8.4)
    oj (3.14.2)
    pg (0.21.0)
    pg_tools (1.2.1)
      activerecord (>= 4.0, < 5.0)
      activesupport (>= 4.0, < 5.0)
      pg (< 1.0)
    power_assert (3.0.1)
    pry (0.12.2)
      coderay (~> 1.1.0)
      method_source (~> 0.9.0)
    pry-byebug (3.8.0)
      byebug (~> 11.0)
      pry (~> 0.10)
    public_suffix (4.0.7)
    raabro (1.4.0)
    rack (1.6.13)
    rack-protection (1.5.5)
      rack
    rack-test (0.6.3)
      rack (>= 1.0)
    rails (4.2.11.3)
      actionmailer (= 4.2.11.3)
      actionpack (= 4.2.11.3)
      actionview (= 4.2.11.3)
      activejob (= 4.2.11.3)
      activemodel (= 4.2.11.3)
      activerecord (= 4.2.11.3)
      activesupport (= 4.2.11.3)
      bundler (>= 1.3.0, < 2.0)
      railties (= 4.2.11.3)
      sprockets-rails
    rails-cache-tags (2.1.0)
      activesupport (>= 3.0)
      request_store
    rails-deprecated_sanitizer (1.0.4)
      activesupport (>= 4.2.0.alpha)
    rails-dom-testing (1.0.9)
      activesupport (>= 4.2.0, < 5.0)
      nokogiri (~> 1.6)
      rails-deprecated_sanitizer (>= 1.0.1)
    rails-html-sanitizer (1.5.0)
      loofah (~> 2.19, >= 2.19.1)
    railties (4.2.11.3)
      actionpack (= 4.2.11.3)
      activesupport (= 4.2.11.3)
      rake (>= 0.8.7)
      thor (>= 0.18.1, < 2.0)
    rake (13.3.1)
    rchardet19 (1.3.7)
    redis (4.8.1)
    redis-namespace (1.11.0)
      redis (>= 4)
    request_store (1.7.0)
      rack (>= 1.4)
    resque (1.27.4)
      mono_logger (~> 1.0)
      multi_json (~> 1.0)
      redis-namespace (~> 1.3)
      sinatra (>= 0.9.2)
      vegas (~> 0.1.2)
    resque-failed-job-mailer (0.0.3)
    resque-integration (3.8.2)
      god (~> 0.13.4)
      multi_json
      rails (>= 3.0.0)
      rake
      resque (>= 1.25.2)
      resque-failed-job-mailer (~> 0.0.3)
      resque-meta (>= 2.0.0)
      resque-multi-job-forks (~> 0.4.2)
      resque-progress (~> 1.0.1)
      resque-retry (~> 1.5)
      resque-scheduler (~> 4.0)
    resque-meta (2.0.1)
      resque (~> 1.8)
    resque-multi-job-forks (0.4.3)
      json
      resque (~> 1.22)
    resque-progress (1.0.1)
      resque (>= 1.8.0)
      resque-meta (>= 1.0.0)
    resque-retry (1.8.1)
      resque (>= 1.25, < 3.0)
      resque-scheduler (>= 4.0, < 6.0)
    resque-scheduler (4.11.0)
      mono_logger (~> 1.0)
      redis (>= 3.3)
      resque (>= 1.27)
      rufus-scheduler (~> 3.2, != 3.3)
    rspec (3.13.2)
      rspec-core (~> 3.13.0)
      rspec-expectations (~> 3.13.0)
      rspec-mocks (~> 3.13.0)
    rspec-core (3.13.6)
      rspec-support (~> 3.13.0)
    rspec-expectations (3.13.5)
      diff-lcs (>= 1.2.0, < 2.0)
      rspec-support (~> 3.13.0)
    rspec-mocks (3.13.7)
      diff-lcs (>= 1.2.0, < 2.0)
      rspec-support (~> 3.13.0)
    rspec-rails (4.1.2)
      actionpack (>= 4.2)
      activesupport (>= 4.2)
      railties (>= 4.2)
      rspec-core (~> 3.10)
      rspec-expectations (~> 3.10)
      rspec-mocks (~> 3.10)
      rspec-support (~> 3.10)
    rspec-support (3.13.6)
    ru_propisju (2.6.0)
    ruby2_keywords (0.0.5)
    rufus-scheduler (3.9.2)
      fugit (~> 1.1, >= 1.11.1)
    sanitize (5.2.3)
      crass (~> 1.0.2)
      nokogiri (>= 1.8.0)
      nokogumbo (~> 2.0)
    shoulda-matchers (4.5.1)
      activesupport (>= 4.2.0)
    simplecov (0.18.5)
      docile (~> 1.1)
      simplecov-html (~> 0.11)
    simplecov-html (0.13.2)
    simpleidn (0.2.3)
    sinatra (1.4.8)
      rack (~> 1.5)
      rack-protection (~> 1.4)
      tilt (>= 1.3, < 3)
    sprockets (3.7.5)
      base64
      concurrent-ruby (~> 1.0)
      rack (> 1, < 3)
    sprockets-rails (3.2.2)
      actionpack (>= 4.0)
      activesupport (>= 4.0)
      sprockets (>= 3.0.0)
    string_tools (1.3.0)
      actionpack (>= 4.2.0)
      activesupport (>= 4.2.0)
      addressable (>= 2.3.2)
      nokogiri
      rchardet19 (~> 1.3.5)
      ru_propisju (>= 2.1.4)
      sanitize (>= 3.1.2)
      simpleidn (>= 0.0.5)
    test-unit (3.7.1)
      power_assert
    thor (1.2.2)
    thread_safe (0.3.6)
    tilt (2.6.1)
    tzinfo (1.2.11)
      thread_safe (~> 0.1)
    vegas (0.1.11)
      rack (>= 1.0.0)

PLATFORMS
  ruby

DEPENDENCIES
  appraisal
  apress-rspec
  combustion (>= 0.5.3)
  factory_girl_rails (<= 4.8.0)
  json (< 2)
  loofah (< 2.20.0)
  pg (< 1.0.0)
  pry (< 0.13.0)
  pry-byebug
  rspec-rails
  shoulda-matchers
  simplecov
  sprockets (< 4.0.0)
  test-unit
  treasury!

BUNDLED WITH
   1.17.3
